
Microsoft Visual Studio Solution File, Format Version 12.00
# Visual Studio Version 16
VisualStudioVersion = 16.0.28922.388
MinimumVisualStudioVersion = 10.0.40219.1
Project("{FAE04EC0-301F-11D3-BF4B-00C04F79EFBC}") = "KoffieMachineBot", "KoffieMachineBot\KoffieMachineBot.csproj", "{97720F8E-A899-4537-B577-F5226896D14E}"
EndProject
Global
	GlobalSection(SolutionConfigurationPlatforms) = preSolution
		Debug|Any CPU = Debug|Any CPU
		Release|Any CPU = Release|Any CPU
	EndGlobalSection
	GlobalSection(ProjectConfigurationPlatforms) = postSolution
		{97720F8E-A899-4537-B577-F5226896D14E}.Debug|Any CPU.ActiveCfg = Debug|Any CPU
		{97720F8E-A899-4537-B577-F5226896D14E}.Debug|Any CPU.Build.0 = Debug|Any CPU
		{97720F8E-A899-4537-B577-F5226896D14E}.Release|Any CPU.ActiveCfg = Release|Any CPU
		{97720F8E-A899-4537-B577-F5226896D14E}.Release|Any CPU.Build.0 = Release|Any CPU
	EndGlobalSection
	GlobalSection(SolutionProperties) = preSolution
		HideSolutionNode = FALSE
	EndGlobalSection
	GlobalSection(ExtensibilityGlobals) = postSolution
		SolutionGuid = {181473A0-F188-4102-8033-768083D651AF}
	EndGlobalSection
EndGlobal
